# THIS IS AN AUTOGENERATED FILE. DO NOT EDIT THIS FILE DIRECTLY.
# yarn lockfile v1


"@domql/define@^0.0.1":
  version "0.0.1"
  resolved "https://registry.yarnpkg.com/@domql/define/-/define-0.0.1.tgz#2a020737cfc6e3ac063771ab3403cea6327aeabc"
  integrity sha512-BvBj0kKXeIkPPIRf9XYVEshaVlkMRu3vDcqQQWcobnLl88QA4gwE/FrAx6M+kGaFr8sbyjixqjTESdh55i6/oA==
